{
  "requires": true,
  "lockfileVersion": 1,
  "dependencies": {
    "bootstrap": {
      "version": "3.4.1",
      "resolved": "https://registry.npmjs.org/bootstrap/-/bootstrap-3.4.1.tgz",
      "integrity": "sha512-yN5oZVmRCwe5aKwzRj6736nSmKDX7pLYwsXiCj/EYmo16hODaBiT4En5btW/jhBF/seV+XMx3aYwukYC3A49DA=="
    },
    "material": {
      "version": "0.4.3",
      "resolved": "https://registry.npmjs.org/material/-/material-0.4.3.tgz",
      "integrity": "sha512-uZM0D1V6rNNuiKsKKEY+Tf+2i+9FDcl1+eW10Wlta34ILPW3IiLqEZTLNHzq7bVkQFQBMvG8rLl0gmdmwyknkw=="
    }
  }
}
